
Microsoft Visual Studio Solution File, Format Version 12.00
# Visual Studio Version 17
VisualStudioVersion = 17.0.31903.59
MinimumVisualStudioVersion = 10.0.40219.1
Project("{FAE04EC0-301F-11D3-BF4B-00C04F79EFBC}") = "minimal-api", "API\minimal-api.csproj", "{23E034DF-B911-4311-8574-22C1363591F9}"
EndProject
Project("{FAE04EC0-301F-11D3-BF4B-00C04F79EFBC}") = "Test", "test\Test.csproj", "{CE7B0353-2C51-43F7-8C7E-311ECF5ECAFB}"
EndProject
Global
	GlobalSection(SolutionConfigurationPlatforms) = preSolution
		Debug|Any CPU = Debug|Any CPU
		Release|Any CPU = Release|Any CPU
	EndGlobalSection
	GlobalSection(SolutionProperties) = preSolution
		HideSolutionNode = FALSE
	EndGlobalSection
	GlobalSection(ProjectConfigurationPlatforms) = postSolution
		{23E034DF-B911-4311-8574-22C1363591F9}.Debug|Any CPU.ActiveCfg = Debug|Any CPU
		{23E034DF-B911-4311-8574-22C1363591F9}.Debug|Any CPU.Build.0 = Debug|Any CPU
		{23E034DF-B911-4311-8574-22C1363591F9}.Release|Any CPU.ActiveCfg = Release|Any CPU
		{23E034DF-B911-4311-8574-22C1363591F9}.Release|Any CPU.Build.0 = Release|Any CPU
		{CE7B0353-2C51-43F7-8C7E-311ECF5ECAFB}.Debug|Any CPU.ActiveCfg = Debug|Any CPU
		{CE7B0353-2C51-43F7-8C7E-311ECF5ECAFB}.Debug|Any CPU.Build.0 = Debug|Any CPU
		{CE7B0353-2C51-43F7-8C7E-311ECF5ECAFB}.Release|Any CPU.ActiveCfg = Release|Any CPU
		{CE7B0353-2C51-43F7-8C7E-311ECF5ECAFB}.Release|Any CPU.Build.0 = Release|Any CPU
	EndGlobalSection
EndGlobal
